GEM
  remote: https://rubygems.org/
  specs:
    aws-eventstream (1.4.0)
    aws-sigv4 (1.12.1)
      aws-eventstream (~> 1, >= 1.0.2)

PLATFORMS
  ruby

DEPENDENCIES
  aws-sigv4 (= 1.12.1)

CHECKSUMS
  aws-eventstream (1.4.0) sha256=116bf85c436200d1060811e6f5d2d40c88f65448f2125bc77ffce5121e6e183b
  aws-sigv4 (1.12.1) sha256=6973ff95cb0fd0dc58ba26e90e9510a2219525d07620c8babeb70ef831826c00

BUNDLED WITH
  4.0.9
